{
  "lockfileVersion": 1,
  "configVersion": 1,
  "workspaces": {
    "": {
      "name": "@ow3/table-vue",
      "devDependencies": {
        "better-dx": "^0.2.25",
      },
    },
  },
  "packages": {
    "@cwcss/crosswind": ["@cwcss/crosswind@0.2.16", "", { "dependencies": { "@stacksjs/clapp": "^0.2.0", "bunfig": "^0.15.17" }, "bin": { "crosswind": "./dist/cli.js" } }, "sha512-QgSTpcnt1seUQF2++taD5wk/H1lE3wSaybd+i9iP/syQTB2w/v2aM2U9SzYYe2ZcHA3Uxa1Sn/YvhcmHeFfuCA=="],

    "@stacksjs/bumpx": ["@stacksjs/bumpx@0.2.17", "", { "dependencies": { "@stacksjs/clapp": "^0.2.0", "@stacksjs/logsmith": "^0.2.6", "bunfig": "^0.15.6" }, "bin": { "bumpx": "./dist/bin/cli.js" } }, "sha512-ZcjaBGDQErOOIiVbbg9EI1BbdCP/+kBbh55yHkDtcCYt9ifYHxhC/xE65f80e14/00yUr/56oPK+1g7am40GaQ=="],

    "@stacksjs/bunpress": ["@stacksjs/bunpress@0.2.13", "", { "dependencies": { "@cwcss/crosswind": "^0.2.16", "@stacksjs/clapp": "^0.2.0", "@stacksjs/stx": "^0.2.171", "@stacksjs/ts-i18n": "^0.1.11", "bunfig": "^0.15.17", "ts-syntax-highlighter": "^0.2.14" }, "peerDependencies": { "@stacksjs/ts-cloud": "^0.7.51" }, "optionalPeers": ["@stacksjs/ts-cloud"], "bin": { "bunpress": "./dist/bin/cli.js" } }, "sha512-UHrDQ1Vbe/MoGztM9Cx/FRSFy9+OknKVVisucq2C9gpB5htX8PtuOK0isfpxwbglo/soLkMWqV+M3FPapKpppQ=="],

    "@stacksjs/clapp": ["@stacksjs/clapp@0.2.13", "", {}, "sha512-wh6Ybgga1S/3P+GRDb2kBiOK97+Ay7TKTiaLKfhpgd+V04+BAHg23xDlZUNkpllhoRdFimeHpWahuwghoNYbUg=="],

    "@stacksjs/clarity": ["@stacksjs/clarity@0.3.33", "", { "dependencies": { "bunfig": "^0.15.6" }, "bin": { "clarity": "./dist/bin/cli.js" } }, "sha512-+5GLKnAI/M/z64UfNLLfQqx/kp+frmRY+NZXYwwGwbrkud/xlsEGDWEExdhqOhqEDMWdb1oafw/ubGAPg1PaFw=="],

    "@stacksjs/desktop": ["@stacksjs/desktop@0.2.198", "", { "dependencies": { "craft-native": ">=0.0.55" } }, "sha512-P+iUxNgNc2DvlrnwCpy1lo6jnmUSfHSQj1nl9S5enb8glknDtd13mpOyelO5u8VxPVgGyQ9xPFDlI44fzHc10w=="],

    "@stacksjs/dtsx": ["@stacksjs/dtsx@0.11.10", "", { "dependencies": { "@stacksjs/clapp": "^0.2.0" }, "bin": { "dtsx": "./dist/bin/cli.js" } }, "sha512-NOSSGv7mdxzmijmKHxTZDmgZp7vCYrRKWpDwNqwTc97MTv5csjo3uukf7A/c+s7pSzJd+HxqsTCZ7IznjfEtmw=="],

    "@stacksjs/gitlint": ["@stacksjs/gitlint@0.1.8", "", { "bin": { "gitlint": "./dist/bin/cli.js" } }, "sha512-lv+Ttwwif0UR0qgRGih8/ePslcrcDLjYybmDOQE7kM2IXoaRZUFh2LhZWHbaICd3ejdGb7MNvY2emiJE7Cs+Wg=="],

    "@stacksjs/logsmith": ["@stacksjs/logsmith@0.2.11", "", { "dependencies": { "@stacksjs/clapp": "^0.2.0", "bunfig": "^0.15.6", "pickier": "^0.1.9" }, "bin": { "@stacksjs/logsmith": "./dist/bin/cli.js", "logsmith": "./dist/bin/cli.js" } }, "sha512-wqqAxewpsHVDzpC+IRy+yYyGXGlv1j5GCqYTh8fL7d3LLhnRPN72PEQywM357burtORvdkFHfOzk3Ih1SMvuiw=="],

    "@stacksjs/sanitizer": ["@stacksjs/sanitizer@0.2.198", "", {}, "sha512-krEzqYC3ul9hhkfCu23/Sw4ssYbIKoUwI+a5r5Z0u4jvskJxk75jrveqnyvz5Lx74x2AXlm+PwROXwHU3BR1YA=="],

    "@stacksjs/stx": ["@stacksjs/stx@0.2.198", "", { "dependencies": { "@cwcss/crosswind": "^0.2.14", "@stacksjs/clapp": "^0.2.0", "@stacksjs/desktop": "0.2.198", "@stacksjs/sanitizer": "0.2.198", "@stacksjs/ts-i18n": "^0.1.11", "bun-plugin-stx": "0.2.198", "bunfig": "^0.15.17", "stx-router": "0.2.198", "ts-broadcasting": "^0.0.9", "ts-images": "^0.2.11", "ts-syntax-highlighter": "^0.2.1" }, "bin": { "stx": "./dist/cli.js" } }, "sha512-aaj33HEsriTE8rTsnlywnz+VEU3z2MbxwSjZO6K0y/57XaFbT7Y3oI70n83vYlRoufUfjYploD3zDSptAmxn8A=="],

    "@stacksjs/ts-avif": ["@stacksjs/ts-avif@0.1.0", "", {}, "sha512-ytcta6ZhZeZwXJTcWlTraNLBsqL4imOfruSkJ2PwEp5RjHb4eSoqb21W4u7HLILRcILr7B1nOkIMeQct4Pozbw=="],

    "@stacksjs/ts-bmp": ["@stacksjs/ts-bmp@0.1.0", "", {}, "sha512-O02r5q35OaoLRkTLOcFCylQzY3Oeji6QebdzLBfuWt77MoS/gY/4igY53N++pUjA4uS34cHHd/P651LlCKoBeA=="],

    "@stacksjs/ts-css": ["@stacksjs/ts-css@0.1.0", "", { "dependencies": { "bunfig": "^0.15.6" }, "bin": { "ts-css": "./dist/bin/cli.js" } }, "sha512-373WvzZeXdqwi6lRwyfr05r3KOtbo4QXWPhmoGFI6NSa5ZcUEiyYJGL2KsV9mfQNTsBp+0q3wPnj1EQ/1zuieg=="],

    "@stacksjs/ts-i18n": ["@stacksjs/ts-i18n@0.1.11", "", { "dependencies": { "@stacksjs/clapp": "^0.2.9", "bunfig": "^0.15.6" }, "bin": { "i18n": "./dist/cli.js" } }, "sha512-33FM0gKdxBy6EUsUZLGAMe0D7QUZ4f/BQXRsQIyzkZgs2+juruUTevPuJGCjWSZsgJuiaBfEJn8Oq8ctuo1OWQ=="],

    "@stacksjs/ts-png": ["@stacksjs/ts-png@0.1.2", "", {}, "sha512-NT9AVCAlZiOMzcBH+OlAAUAbfTzakm/6Ibp5S31JInrpTDd+Qe3arEfatPLuMasFR9tyO+NMAFsF84MT6TK1vA=="],

    "@stacksjs/ts-spell-check": ["@stacksjs/ts-spell-check@0.1.0", "", {}, "sha512-GnrxhHh606U6e0uPoUfbyh3sWI2VCtj6IwtSS4ik8Jz7vF11WFZ4qeCnXlUSZXLLlk0ukcdpilZr4girmx7PbA=="],

    "@stacksjs/ts-svg": ["@stacksjs/ts-svg@0.1.1", "", { "dependencies": { "@stacksjs/ts-css": "^0.1.0", "@stacksjs/ts-png": "^0.1.2" }, "bin": { "svg": "dist/cli.js" } }, "sha512-jG/DC3JaWEvblsrl3X1mVFPZY+1+DEtt9ypWXuXHyWyud+CaD/MQdGRypJbRyLrT03HWx/x6TG9UOzh7GDaing=="],

    "@stacksjs/ts-webp": ["@stacksjs/ts-webp@0.1.3", "", {}, "sha512-0PFmmBLKCxIc+8pNEwfvoXfS5uH47y7rXpVaGEfj6VQGPoQCAWUmheppCeJ66YCdSVR1dezR/4MGTZCnT+uZow=="],

    "@types/bun": ["@types/bun@1.3.14", "", { "dependencies": { "bun-types": "1.3.14" } }, "sha512-h1hFqFVcvAvD9j9K7ZW7vd82aSA+rTdznZa+5bwvCwqSB1jmmfLcbIWhOLx1/+boy/xmjgCs/OMUL8hRJSmnPw=="],

    "@types/node": ["@types/node@26.1.1", "", { "dependencies": { "undici-types": "~8.3.0" } }, "sha512-nxAkRSVkN1Y0JC1W8ky/fTfkGsMmcrRsbx+3XoZE+rMOX71kLYTV7fLXpqud1GpbpP5TuffXFqfX7fH2GgZREw=="],

    "@typescript/typescript-aix-ppc64": ["@typescript/typescript-aix-ppc64@7.0.2", "", { "os": "aix", "cpu": "ppc64" }, "sha512-MTKKkWB7p/0E9xi1d1tHtZ5PiLkGEMIq88pK2CubZjOsLtYTLqhgIgi6zepFa+9GHZ6h05NMCkQxGKiPXMxXtQ=="],

    "@typescript/typescript-darwin-arm64": ["@typescript/typescript-darwin-arm64@7.0.2", "", { "os": "darwin", "cpu": "arm64" }, "sha512-gowzar9MwS/aRWp6f3a4KUqzRjAZjOsmGNCM6LcTgXum+dBfgsBVMN+AgvOCCbguXyick6LJhpBszxMebJ8syA=="],

    "@typescript/typescript-darwin-x64": ["@typescript/typescript-darwin-x64@7.0.2", "", { "os": "darwin", "cpu": "x64" }, "sha512-SZ9xZInqApNlNGc9s0W1VSsktYSOe9cFqNOIqmN1Gs8SmkjKZYFt017G4VwPxASInODuAdbTW7sXiFUf893RgA=="],

    "@typescript/typescript-freebsd-arm64": ["@typescript/typescript-freebsd-arm64@7.0.2", "", { "os": "freebsd", "cpu": "arm64" }, "sha512-W5NH4y/J0plIIS5b2xvTEkU7JFxyqdMAOgf+Ilhl0vHQXKO5dZoxd+C/jEtq56c4F3wk71RB4BMRQ2XdI+bwYQ=="],

    "@typescript/typescript-freebsd-x64": ["@typescript/typescript-freebsd-x64@7.0.2", "", { "os": "freebsd", "cpu": "x64" }, "sha512-UMGDx5sTpzNw3WiPebH7l90IWfJggEd+egHt/q6p7/Cm3zqoV7VxkGXt+3DxPIw8CcmvAB0j3sVVfbhX+M4Tpw=="],

    "@typescript/typescript-linux-arm": ["@typescript/typescript-linux-arm@7.0.2", "", { "os": "linux", "cpu": "arm" }, "sha512-gffT3xPz9sR7j/YJExkyPntrI0P2EP9XbOyWzth2/Gs0RstK+90RBcO0ncXoXy/beYll1SXw846Nf2zdnEz0QQ=="],

    "@typescript/typescript-linux-arm64": ["@typescript/typescript-linux-arm64@7.0.2", "", { "os": "linux", "cpu": "arm64" }, "sha512-Qh4eU4/y3yDjnfjjyPYihMj5/ODIlmt+Bzu17OI+fiSRDW57QmU5SiN63exPRNJPKUzcc1INa1NXdrJ+MqHjUQ=="],

    "@typescript/typescript-linux-loong64": ["@typescript/typescript-linux-loong64@7.0.2", "", { "os": "linux", "cpu": "none" }, "sha512-uEHck9i8hoAzXPiYRib1O7miOnz23SxIeVl6F4LXox+qov1K35jHcEW6VHKvZI+pyvl7fZEP4MCU5LYvIq1GuQ=="],

    "@typescript/typescript-linux-mips64el": ["@typescript/typescript-linux-mips64el@7.0.2", "", { "os": "linux", "cpu": "none" }, "sha512-R4KvAMnE43W5Qeqb0Ly56O3mWMWIAgsMyz36DCaycd5nbg/9kzm0liw3JocfRqyJY0KPmzFjbswozXyW0DnIYA=="],

    "@typescript/typescript-linux-ppc64": ["@typescript/typescript-linux-ppc64@7.0.2", "", { "os": "linux", "cpu": "ppc64" }, "sha512-DORx5b3sd/4S7eayxm4FQv+A7CrkUIGRaHiwI8oiHTAI1fAPWhF4J0vAlkC8biAlHSVVwxMQ3tjZ2/DVbnQiiA=="],

    "@typescript/typescript-linux-riscv64": ["@typescript/typescript-linux-riscv64@7.0.2", "", { "os": "linux", "cpu": "none" }, "sha512-wf0jqEDOjrPRnKwYRyyJDRo11KMbvMFrU+q4zqKyChODBzvlkbhNQfKvLxQCcwTpdDaXSHZTVuh0JoCrKCUMHQ=="],

    "@typescript/typescript-linux-s390x": ["@typescript/typescript-linux-s390x@7.0.2", "", { "os": "linux", "cpu": "s390x" }, "sha512-IkwJc3L7yhytWd/ewjyxNDfOmswCm9GWMJT/ue/dU4aZNbwZeYAetq42VyLmsmSjvoX7z74X6ZaYCtzAr0EuGw=="],

    "@typescript/typescript-linux-x64": ["@typescript/typescript-linux-x64@7.0.2", "", { "os": "linux", "cpu": "x64" }, "sha512-EYdf2cNg7rgCWJnxCdJ+F3V39O8ihb37eHAu1LK8oAFizgTQbPOK7zHHXbPt8rX24COqODXeI3sIf0fCXG7H/A=="],

    "@typescript/typescript-netbsd-arm64": ["@typescript/typescript-netbsd-arm64@7.0.2", "", { "os": "none", "cpu": "arm64" }, "sha512-+polYF4MF04aPpO5FTkHran9yUQDSXqy5GiSDKpsll5jy3l3+g9QLhpf39T+ePtefhXLOGrLl0QIjkQP6VnelA=="],

    "@typescript/typescript-netbsd-x64": ["@typescript/typescript-netbsd-x64@7.0.2", "", { "os": "none", "cpu": "x64" }, "sha512-8YIT0EHM/3dq10ZOVF/A7pc/YSMtbcecct4rWtexrnSCHOPcpC2KTLXfTCR6vDpnSiY12heNb1GiN/wu+T/FyA=="],

    "@typescript/typescript-openbsd-arm64": ["@typescript/typescript-openbsd-arm64@7.0.2", "", { "os": "openbsd", "cpu": "arm64" }, "sha512-APT8+ClYnuYm1u9+kgGXoMj2VzWzcymwh2gNSQVySHfkRDGOTVkoWLjCmOQSaO+PoqQ57B0flRp9SA+7GnnkzQ=="],

    "@typescript/typescript-openbsd-x64": ["@typescript/typescript-openbsd-x64@7.0.2", "", { "os": "openbsd", "cpu": "x64" }, "sha512-yX7s+Q0Dln0Dt9tEzZsAjXXR/+ytBM7AlglaqyeMPxQszJ1JhlJdZ6jLA+IzldHtflX81em7lDao1xXu+aRRkg=="],

    "@typescript/typescript-sunos-x64": ["@typescript/typescript-sunos-x64@7.0.2", "", { "os": "sunos", "cpu": "x64" }, "sha512-dLJDGaLZ1D4HPQn62u1n8mBDkJREwMsAkCdkwd4Ieqw+x3TUyTsqY0YiBCtE6H6OzzgGk3iuZ3vFWRS+E8/d1g=="],

    "@typescript/typescript-win32-arm64": ["@typescript/typescript-win32-arm64@7.0.2", "", { "os": "win32", "cpu": "arm64" }, "sha512-Gyl1Vy6OsWesLzmq+EP0Fb7b4Nid5232AvcA2SFcdYreldpNtYFFofPjnt62y9hQy7VTaZp65ICJjuAQRaVcIQ=="],

    "@typescript/typescript-win32-x64": ["@typescript/typescript-win32-x64@7.0.2", "", { "os": "win32", "cpu": "x64" }, "sha512-0BQ3HkAHHlKLSp1qRvf3SUhGpGsDuhB/jgFw75guyqbxJqEaS0Cw/VFO8i2nHglJUzQCRtMMR/IBAKE3ETMC4g=="],

    "better-dx": ["better-dx@0.2.25", "", { "dependencies": { "@stacksjs/bumpx": "^0.2.14", "@stacksjs/bunpress": "^0.2.8", "@stacksjs/clapp": "^0.2.12", "@stacksjs/clarity": "^0.3.31", "@stacksjs/gitlint": "^0.1.7", "@stacksjs/logsmith": "^0.2.6", "@types/bun": "^1.3.14", "buddy-bot": "^0.10.5", "bun-git-hooks": "^0.3.2", "bun-plugin-dtsx": "^0.11.1", "bunfig": "^0.15.15", "pickier": "^0.1.40", "ts-error-handling": "^0.1.3", "typescript": "^7.0.2" } }, "sha512-7GQ3EDXDwdZbpzwqWrOC2kzKkfw2Ptd30Bl1VlLS1SV82MvU5VIYXtGsRcJ5+6M17n9hQwGuT2TGEZEaWgZQaw=="],

    "buddy-bot": ["buddy-bot@0.10.5", "", { "dependencies": { "prompts": "^2.4.2", "ts-pantry": "^0.11.32" }, "peerDependencies": { "@anthropic-ai/sdk": "^0.117.1" }, "optionalPeers": ["@anthropic-ai/sdk"], "bin": { "buddy-bot": "./dist/bin/cli.js" } }, "sha512-pGyjHSi91Nix76u1VIVLEYEV6vkTVKvKS9NvRYbyGR6X6CdZQrvHcmJLfGqjN/4xuUWc4h6rlVpkiwG6MOo/6Q=="],

    "bun-git-hooks": ["bun-git-hooks@0.3.2", "", { "bin": { "git-hooks": "./dist/bin/cli.js", "bun-git-hooks": "./dist/bin/cli.js" } }, "sha512-cHkmB7sxmtPNekzG0nGXqbN8Q+dZf4muvV4eCB8dBCduW1DHR+4YulKinPUk/C6Rogy+JMyL1ysVVVWwZobwZw=="],

    "bun-plugin-dtsx": ["bun-plugin-dtsx@0.11.10", "", { "dependencies": { "@stacksjs/dtsx": "0.11.10" } }, "sha512-qQrEBIV1pzhDmrxmhTHhgVK5gqE5CfpO8C9NCp7zUaN48c4IJVrpqXbeNWch7sAT/Hf4GhVMWau7T65xySm59Q=="],

    "bun-plugin-stx": ["bun-plugin-stx@0.2.198", "", { "dependencies": { "@stacksjs/stx": "^0.2.72", "stx-router": "^0.2.72" }, "bin": { "serve": "./dist/serve.js", "stx-serve": "./dist/serve.js" } }, "sha512-NiCfmceacqrAvM8mb5iutA0v94IUOhreyyTl4T7PEmPG2fvsT3QYerR2gqy7SU8Pja4+UfKvMEhHt9Unlhyl3w=="],

    "bun-types": ["bun-types@1.3.14", "", { "dependencies": { "@types/node": "*" } }, "sha512-4N0ig0fEomHt5R0KCFWjovxow98rIoRwKolrYdCcknNwMekCXRnWEUvgu5soYV8QXtVsrUD8B95MBOZGPvr6KQ=="],

    "bunfig": ["bunfig@0.15.19", "", { "dependencies": { "@stacksjs/clarity": "^0.3.24" }, "bin": { "bunfig": "./dist/cli.js" } }, "sha512-Ig302A74YUmagywXX1Dl8hXNdwjq/MIlB1TBVRduO6kGTMjkFQsxS3LimTFBNEThWypc/JS6cv4+TLeRAl2RGw=="],

    "craft-native": ["craft-native@0.0.55", "", { "bin": { "craft-sdk": "dist/cli.js" } }, "sha512-qFekhPhVKRqsMJLaX9zTDQCq03ciVYvARoiBJYtFfFiQuf/uwBWEfhlez5pjKLnX4PVuQhsZM2PwG+NLdoxvbQ=="],

    "data-uri-to-buffer": ["data-uri-to-buffer@6.0.2", "", {}, "sha512-7hvf7/GW8e86rW0ptuwS3OcBGDjIi6SZva7hCyWC0yYry2cOPmLIjXAUHI6DK2HsnwJd9ifmt57i8eV2n4YNpw=="],

    "kleur": ["kleur@3.0.3", "", {}, "sha512-eTIzlVOSUR+JxdDFepEYcBMtZ9Qqdef+rnzWdRZuMbOywu5tO2w2N7rqjoANZ5k9vywhL6Br1VRjUIgTQx4E8w=="],

    "pickier": ["pickier@0.1.58", "", { "dependencies": { "@stacksjs/clapp": "^0.2.3", "@stacksjs/clarity": "^0.3.24" }, "optionalDependencies": { "@stacksjs/ts-spell-check": "^0.1.0" }, "bin": { "pickier": "./dist/bin/cli.js" } }, "sha512-75zO08WklAqrzVIf+oO8jr+gSk72CCY7CcWdvbUplV9eMu5MNqEpKQfxflGL92pN3yWaNU7YwuXeO9weu0WeDg=="],

    "prompts": ["prompts@2.4.2", "", { "dependencies": { "kleur": "^3.0.3", "sisteransi": "^1.0.5" } }, "sha512-NxNv/kLguCA7p3jE8oL2aEBsrJWgAakBpgmgK6lpPWV+WuOmY6r2/zbAVnP+T8bQlA0nzHXSJSJW0Hq7ylaD2Q=="],

    "sisteransi": ["sisteransi@1.0.5", "", {}, "sha512-bLGGlR1QxBcynn2d5YmDX4MGjlZvy2MRBDRNHLJ8VI6l6+9FUiyTFNJ0IveOSP0bcXgVDPRcfGqA0pjaqUpfVg=="],

    "stx-router": ["stx-router@0.2.198", "", {}, "sha512-6ww6L9cQT9fPOYp7Ro1ddECbDPUgaOC/XEEy44ZmJ4HEIRwyGu2FCBmjL6TCuq3BxVzoF8Lsttrcre6j1pDnWw=="],

    "ts-broadcasting": ["ts-broadcasting@0.0.9", "", { "bin": { "broadcast": "./dist/bin/cli.js" } }, "sha512-OA95bHPe3M/24Gx8FpbUV0+NzGwvemG2LP64s1p/zATagX8xJckeziru03ccjW0ExWaD+W5tC1GRIqS6lfbB4A=="],

    "ts-error-handling": ["ts-error-handling@0.1.3", "", {}, "sha512-Agm8wbQL1YVvnffVDSUKMgImZBoR4UVFjzPaIwPxa0z7YwsowKV8R57pCDIjLP/dTHRBetg7ZfdTeuNVb21OfA=="],

    "ts-gif": ["ts-gif@0.1.2", "", { "dependencies": { "data-uri-to-buffer": "^6.0.2" } }, "sha512-jbraplO1qqJtrtkFeepNPUGPad7w8FQHWIQFsn1OJbHeWKUbdqdkrX18XzNXI5Fw7+s6A3nbNTdj+Ukn4d3f8g=="],

    "ts-images": ["ts-images@0.2.12", "", { "dependencies": { "@stacksjs/ts-avif": "^0.1.0", "@stacksjs/ts-bmp": "^0.1.0", "@stacksjs/ts-png": "^0.1.2", "@stacksjs/ts-svg": "^0.1.1", "@stacksjs/ts-webp": "^0.1.2", "ts-gif": "^0.1.2", "ts-jpeg": "^0.3.1" }, "bin": { "imgx": "./dist/bin/cli.js" } }, "sha512-HdwJocQhIql9HI53Nl0pOLndYAkrlwxSxxUqU1WX/VITf0nrPNxQGzRH1dKy80hmqGQmSvPqX0O3UagNSSBQjw=="],

    "ts-jpeg": ["ts-jpeg@0.3.1", "", {}, "sha512-KIGTJj4UIlkGoCFEofx8jHHQEkJfSLFJY0MHz60Mu4Scjrcj7K/0UJGCbL9QvfIaFGAOGdf0xNFpYSuzUpimwA=="],

    "ts-pantry": ["ts-pantry@0.11.38", "", { "bin": { "ts-pantry": "./dist/bin/cli.js" } }, "sha512-luMKdrFQ4UeAdm/iyIx84K/mbyyKZ0uzcA4bG6IZRK71yOlwJTQlIPBumKOF6UX5FmcYxCbfRmll8YoLe5ASfw=="],

    "ts-syntax-highlighter": ["ts-syntax-highlighter@0.2.15", "", { "bin": { "ts-syntax-highlighter": "./dist/bin/cli.js" } }, "sha512-1Dx8AwkB43FWTVUKVicnE7kbF5klpf1nImGteRcDJBOPaLGcbYKKC9ZzgP0Yf8UMilUdHM7BPXmm+0Xn5pd88w=="],

    "typescript": ["typescript@7.0.2", "", { "optionalDependencies": { "@typescript/typescript-aix-ppc64": "7.0.2", "@typescript/typescript-darwin-arm64": "7.0.2", "@typescript/typescript-darwin-x64": "7.0.2", "@typescript/typescript-freebsd-arm64": "7.0.2", "@typescript/typescript-freebsd-x64": "7.0.2", "@typescript/typescript-linux-arm": "7.0.2", "@typescript/typescript-linux-arm64": "7.0.2", "@typescript/typescript-linux-loong64": "7.0.2", "@typescript/typescript-linux-mips64el": "7.0.2", "@typescript/typescript-linux-ppc64": "7.0.2", "@typescript/typescript-linux-riscv64": "7.0.2", "@typescript/typescript-linux-s390x": "7.0.2", "@typescript/typescript-linux-x64": "7.0.2", "@typescript/typescript-netbsd-arm64": "7.0.2", "@typescript/typescript-netbsd-x64": "7.0.2", "@typescript/typescript-openbsd-arm64": "7.0.2", "@typescript/typescript-openbsd-x64": "7.0.2", "@typescript/typescript-sunos-x64": "7.0.2", "@typescript/typescript-win32-arm64": "7.0.2", "@typescript/typescript-win32-x64": "7.0.2" }, "bin": { "tsc": "bin/tsc" } }, "sha512-8FYau96o3NKOhbjKi/qNvG/W5jhzxkbdm5sj9AbZ/5T5sWqn3hJgLfGx27sRKZWTvyzCP8dLRBTf5tBTSRVUNA=="],

    "undici-types": ["undici-types@8.3.0", "", {}, "sha512-j375ScV60dom+YkPFIfTLcOiPxkN/buHz5GobjLhixFuANaNs3C9l4GmrWqejgXWJ7BbJcFYpTEUkS1Ge8bpZQ=="],

    "@stacksjs/ts-css/bunfig": ["bunfig@0.15.14", "", { "dependencies": { "@stacksjs/clapp": "^0.2.0", "@stacksjs/clarity": "^0.3.24" }, "bin": { "bunfig": "./bin/cli.js" } }, "sha512-9yzw5/MkTBF3X8Dc96DJUPpZDl/jIAYVlY6XxGrP8+o5fEf8sGgoIc53GkSFucyMoqC5jF1qM++3bD1LL7/N1Q=="],

    "@stacksjs/ts-i18n/@stacksjs/clapp": ["@stacksjs/clapp@0.2.10", "", {}, "sha512-l/2F0u5ihpae8R4kJ3Pdh6tV7aEpSxu6hCyafhw38Fl9+x2YKxZfUK+fF/G5AVwSzJar3dkKuMxbMcQ0PXKGRg=="],

    "@stacksjs/ts-i18n/bunfig": ["bunfig@0.15.14", "", { "dependencies": { "@stacksjs/clapp": "^0.2.0", "@stacksjs/clarity": "^0.3.24" }, "bin": { "bunfig": "./bin/cli.js" } }, "sha512-9yzw5/MkTBF3X8Dc96DJUPpZDl/jIAYVlY6XxGrP8+o5fEf8sGgoIc53GkSFucyMoqC5jF1qM++3bD1LL7/N1Q=="],

    "@stacksjs/ts-css/bunfig/@stacksjs/clapp": ["@stacksjs/clapp@0.2.10", "", {}, "sha512-l/2F0u5ihpae8R4kJ3Pdh6tV7aEpSxu6hCyafhw38Fl9+x2YKxZfUK+fF/G5AVwSzJar3dkKuMxbMcQ0PXKGRg=="],

    "@stacksjs/ts-css/bunfig/@stacksjs/clarity": ["@stacksjs/clarity@0.3.28", "", { "dependencies": { "bunfig": "^0.15.6" }, "bin": { "clarity": "./dist/bin/cli.js" } }, "sha512-SElzGeDewEbp0c4C8PTfdvi/Xtr1HGAjG6b0prHvkVxyYGM+2R0BFU0otUmy+DbR7wsfZ4rNU3YN1+JK/CzoTw=="],

    "@stacksjs/ts-i18n/bunfig/@stacksjs/clarity": ["@stacksjs/clarity@0.3.28", "", { "dependencies": { "bunfig": "^0.15.6" }, "bin": { "clarity": "./dist/bin/cli.js" } }, "sha512-SElzGeDewEbp0c4C8PTfdvi/Xtr1HGAjG6b0prHvkVxyYGM+2R0BFU0otUmy+DbR7wsfZ4rNU3YN1+JK/CzoTw=="],
  }
}
