{
  "lockfileVersion": 1,
  "configVersion": 0,
  "workspaces": {
    "": {
      "name": "@ow3/table-vue",
      "dependencies": {
        "@vueform/multiselect": "^2.6.11",
        "install": "^0.13.0",
        "meilisearch": "^0.55.0",
        "vue-demi": "^0.14.10",
      },
      "devDependencies": {
        "better-dx": "^0.2.6",
      },
    },
  },
  "packages": {
    "@babel/helper-string-parser": ["@babel/helper-string-parser@7.27.1", "", {}, "sha512-qMlSxKbpRlAridDExk92nSobyDdpPijUq2DW6oDnUqd0iOGxmQjyqhMIihI9+zv4LPyZdRje2cavWPbCbWm3eA=="],

    "@babel/helper-validator-identifier": ["@babel/helper-validator-identifier@7.28.5", "", {}, "sha512-qSs4ifwzKJSV39ucNjsvc6WVHs6b7S03sOh2OcHF9UHfVPqWWALUsNUVzhSBiItjRZoLHx7nIarVjqKVusUZ1Q=="],

    "@babel/parser": ["@babel/parser@7.29.0", "", { "dependencies": { "@babel/types": "^7.29.0" }, "bin": "./bin/babel-parser.js" }, "sha512-IyDgFV5GeDUVX4YdF/3CPULtVGSXXMLh1xVIgdCgxApktqnQV0r7/8Nqthg+8YLGaAtdyIlo2qIdZrbCv4+7ww=="],

    "@babel/types": ["@babel/types@7.29.0", "", { "dependencies": { "@babel/helper-string-parser": "^7.27.1", "@babel/helper-validator-identifier": "^7.28.5" } }, "sha512-LwdZHpScM4Qz8Xw2iKSzS+cfglZzJGvofQICy7W7v4caru4EaAmyUuO6BGrbyQ2mYV11W0U8j5mBhd14dd3B0A=="],

    "@jridgewell/sourcemap-codec": ["@jridgewell/sourcemap-codec@1.5.5", "", {}, "sha512-cYQ9310grqxueWbl+WuIUIaiUaDcj7WOq5fVhEljNVgRfOUhY9fy2zTvfoqWsnebh8Sl70VScFbICvJnLKB0Og=="],

    "@stacksjs/bumpx": ["@stacksjs/bumpx@0.2.4", "", { "dependencies": { "@stacksjs/clapp": "^0.2.0", "@stacksjs/logsmith": "^0.2.1", "bunfig": "^0.15.6" }, "bin": { "bumpx": "dist/bin/cli.js" } }, "sha512-bt14GhW4QJKqmAgfTyjW0pDblDu+y6+DSX8xva1HnLk2GtLyQe0YXUs51dUvZBFgYVHcHEUijNoj2pivuwIcjQ=="],

    "@stacksjs/bunpress": ["@stacksjs/bunpress@0.1.1", "", { "dependencies": { "@stacksjs/ts-md": "^0.1.1" }, "optionalDependencies": { "@stacksjs/ts-cloud": "^0.1.7", "@stacksjs/ts-cloud-aws-types": "^0.1.7", "@stacksjs/ts-cloud-core": "^0.1.7", "@stacksjs/ts-cloud-types": "^0.1.7" }, "bin": { "bunpress": "./dist/bin/cli.js" } }, "sha512-hof1B0LBTWAWSWlp7+ya5JFlN9967wBNyFFmzp19tSWPFStOJRwbZ881uCrCs/iWRaj968sOrn+ELzrV01LZEg=="],

    "@stacksjs/clapp": ["@stacksjs/clapp@0.2.0", "", { "dependencies": { "mri": "^1.2.0", "wrap-ansi": "^9.0.0" }, "bin": { "clapp": "dist/bin/cli.js", "@stacksjs/clapp": "dist/bin/cli.js" } }, "sha512-dSqnbeZjXnQLLvVxC5NU7D9Vpjxc6cC9Bo2ZwaqjgruK7pbVoFCI0goc9Mtf/lfSTbTx6Uvv/mbY7+cOW/j3Og=="],

    "@stacksjs/clarity": ["@stacksjs/clarity@0.3.24", "", { "bin": { "clarity": "dist/bin/cli.js" } }, "sha512-QN21fT/9dovcuFTkni9LFHDzBpiBZ4Q//0a3vFJsckPiblNIu1RhwwePkkTK4j6Xu2DtVYGR60/9Scdrp6wRfw=="],

    "@stacksjs/dtsx": ["@stacksjs/dtsx@0.9.12", "", { "dependencies": { "@stacksjs/clapp": "^0.2.0" }, "peerDependencies": { "typescript": ">=5.9.3" }, "bin": { "dtsx": "./dist/bin/cli.js" } }, "sha512-/t9t9er2oSNBBWiu1mXXZWfSXuF2/WoXdjsE1s2dkAPnbB7boXAChO1h796xsruaw2g2cACIStYig5lOnzxBVw=="],

    "@stacksjs/gitlint": ["@stacksjs/gitlint@0.1.5", "", { "bin": { "gitlint": "dist/bin/cli.js" } }, "sha512-5nSr6PN8/cRPdIz9Cj65Dh12N9gR7BPtJzR3rnqhAgpm5q0ihjmVTTybFQqigMcYuRpt2qX4HenV7YXuFOYScw=="],

    "@stacksjs/logsmith": ["@stacksjs/logsmith@0.2.1", "", { "dependencies": { "@stacksjs/clapp": "^0.2.0", "bunfig": "^0.15.6", "pickier": "^0.1.7" }, "bin": { "logsmith": "dist/bin/cli.js", "@stacksjs/logsmith": "dist/bin/cli.js" } }, "sha512-JbAnn0dWZDEBjks7qRd/L0kWbsD3Qi0uSFmCPkEU9fH0+eP6Fdl7mtnok2oVDUaNitWu97OJZHlFe/MV2ilgnA=="],

    "@stacksjs/ts-cloud": ["@stacksjs/ts-cloud@0.1.11", "", { "dependencies": { "fast-xml-parser": "^5.3.5", "ts-cloud-aws-types": "0.1.11", "ts-cloud-core": "0.1.11", "ts-cloud-types": "0.1.11" }, "bin": { "cloud": "./dist/bin/cli.js" } }, "sha512-WgKwgRdxV4cAXJjc6l7/xFgIFriijErBEbyPn+Hd6aNRhFxu6cJ9OeEkT3p3YvEOc9Pt8DL5SO1RhXcq8otphw=="],

    "@stacksjs/ts-cloud-aws-types": ["@stacksjs/ts-cloud-aws-types@0.1.9", "", {}, "sha512-eA6C+jTUl8/LJA3g9pqQdfirgHpjUjyH9hyRRk2hfQewXKuqr61BRQ6riVZm3+LGaFkyra1QlyZCStBrjGLBaA=="],

    "@stacksjs/ts-cloud-core": ["@stacksjs/ts-cloud-core@0.1.9", "", { "dependencies": { "@stacksjs/ts-cloud-aws-types": "0.1.9", "@stacksjs/ts-cloud-types": "0.1.9" } }, "sha512-9nitzYxEI709S4hUH8HcqkV5bJ/DGo8Dhn4RfPO8P4nvEpjecoP9ZqUxPxkSth7Ig9w4z/C9ArmHAnkSaFNNQw=="],

    "@stacksjs/ts-cloud-types": ["@stacksjs/ts-cloud-types@0.1.9", "", {}, "sha512-uBRtR/4CzSf2ZDDQ2vGM0ZSbxnxHaMkh/YLdSlXBhJuy30JMBKsos/CuHgBrL1W0CPETxwd9G+Bt7NQ7et6kkQ=="],

    "@stacksjs/ts-md": ["@stacksjs/ts-md@0.1.1", "", { "bin": { "md": "./bin/cli.ts" } }, "sha512-kvsSg7S3vHq65fnHIRggTLudN4n1sjkos86xLB62V6PVRa8iosYAmFKVDTGaJk+0MdsIoRwQbJ2vLWVcNQsgGw=="],

    "@types/bun": ["@types/bun@1.3.9", "", { "dependencies": { "bun-types": "1.3.9" } }, "sha512-KQ571yULOdWJiMH+RIWIOZ7B2RXQGpL1YQrBtLIV3FqDcCu6FsbFUBwhdKUlCKUpS3PJDsHlJ1QKlpxoVR+xtw=="],

    "@types/node": ["@types/node@25.3.0", "", { "dependencies": { "undici-types": "~7.18.0" } }, "sha512-4K3bqJpXpqfg2XKGK9bpDTc6xO/xoUP/RBWS7AtRMug6zZFaRekiLzjVtAoZMquxoAbzBvy5nxQ7veS5eYzf8A=="],

    "@vue/compiler-core": ["@vue/compiler-core@3.5.29", "", { "dependencies": { "@babel/parser": "^7.29.0", "@vue/shared": "3.5.29", "entities": "^7.0.1", "estree-walker": "^2.0.2", "source-map-js": "^1.2.1" } }, "sha512-cuzPhD8fwRHk8IGfmYaR4eEe4cAyJEL66Ove/WZL7yWNL134nqLddSLwNRIsFlnnW1kK+p8Ck3viFnC0chXCXw=="],

    "@vue/compiler-dom": ["@vue/compiler-dom@3.5.29", "", { "dependencies": { "@vue/compiler-core": "3.5.29", "@vue/shared": "3.5.29" } }, "sha512-n0G5o7R3uBVmVxjTIYcz7ovr8sy7QObFG8OQJ3xGCDNhbG60biP/P5KnyY8NLd81OuT1WJflG7N4KWYHaeeaIg=="],

    "@vue/compiler-sfc": ["@vue/compiler-sfc@3.5.29", "", { "dependencies": { "@babel/parser": "^7.29.0", "@vue/compiler-core": "3.5.29", "@vue/compiler-dom": "3.5.29", "@vue/compiler-ssr": "3.5.29", "@vue/shared": "3.5.29", "estree-walker": "^2.0.2", "magic-string": "^0.30.21", "postcss": "^8.5.6", "source-map-js": "^1.2.1" } }, "sha512-oJZhN5XJs35Gzr50E82jg2cYdZQ78wEwvRO6Y63TvLVTc+6xICzJHP1UIecdSPPYIbkautNBanDiWYa64QSFIA=="],

    "@vue/compiler-ssr": ["@vue/compiler-ssr@3.5.29", "", { "dependencies": { "@vue/compiler-dom": "3.5.29", "@vue/shared": "3.5.29" } }, "sha512-Y/ARJZE6fpjzL5GH/phJmsFwx3g6t2KmHKHx5q+MLl2kencADKIrhH5MLF6HHpRMmlRAYBRSvv347Mepf1zVNw=="],

    "@vue/reactivity": ["@vue/reactivity@3.5.29", "", { "dependencies": { "@vue/shared": "3.5.29" } }, "sha512-zcrANcrRdcLtmGZETBxWqIkoQei8HaFpZWx/GHKxx79JZsiZ8j1du0VUJtu4eJjgFvU/iKL5lRXFXksVmI+5DA=="],

    "@vue/runtime-core": ["@vue/runtime-core@3.5.29", "", { "dependencies": { "@vue/reactivity": "3.5.29", "@vue/shared": "3.5.29" } }, "sha512-8DpW2QfdwIWOLqtsNcds4s+QgwSaHSJY/SUe04LptianUQ/0xi6KVsu/pYVh+HO3NTVvVJjIPL2t6GdeKbS4Lg=="],

    "@vue/runtime-dom": ["@vue/runtime-dom@3.5.29", "", { "dependencies": { "@vue/reactivity": "3.5.29", "@vue/runtime-core": "3.5.29", "@vue/shared": "3.5.29", "csstype": "^3.2.3" } }, "sha512-AHvvJEtcY9tw/uk+s/YRLSlxxQnqnAkjqvK25ZiM4CllCZWzElRAoQnCM42m9AHRLNJ6oe2kC5DCgD4AUdlvXg=="],

    "@vue/server-renderer": ["@vue/server-renderer@3.5.29", "", { "dependencies": { "@vue/compiler-ssr": "3.5.29", "@vue/shared": "3.5.29" }, "peerDependencies": { "vue": "3.5.29" } }, "sha512-G/1k6WK5MusLlbxSE2YTcqAAezS+VuwHhOvLx2KnQU7G2zCH6KIb+5Wyt6UjMq7a3qPzNEjJXs1hvAxDclQH+g=="],

    "@vue/shared": ["@vue/shared@3.5.29", "", {}, "sha512-w7SR0A5zyRByL9XUkCfdLs7t9XOHUyJ67qPGQjOou3p6GvBeBW+AVjUUmlxtZ4PIYaRvE+1LmK44O4uajlZwcg=="],

    "@vueform/multiselect": ["@vueform/multiselect@2.6.11", "", {}, "sha512-iG4TGfqE3baftbSGF0PhoS+xZOCnV0ChkDo9rwhJ/Qi2YlCdb6tyQCjvyug3jnzncga8+d85kx0WvG7rDYFqiA=="],

    "ansi-regex": ["ansi-regex@6.2.2", "", {}, "sha512-Bq3SmSpyFHaWjPk8If9yc6svM8c56dB5BAtW4Qbw5jHTwwXXcTLoRMkpDJp6VL0XzlWaCHTXrkFURMYmD0sLqg=="],

    "ansi-styles": ["ansi-styles@6.2.3", "", {}, "sha512-4Dj6M28JB+oAH8kFkTLUo+a2jwOFkuqb3yucU0CANcRRUbxS0cP0nZYCGjcc3BNXwRIsUVmDGgzawme7zvJHvg=="],

    "better-dx": ["better-dx@0.2.6", "", { "peerDependencies": { "@stacksjs/bumpx": "^0.2.4", "@stacksjs/bunpress": "^0.1.1", "@stacksjs/clarity": "^0.3.24", "@stacksjs/gitlint": "^0.1.5", "@stacksjs/logsmith": "^0.2.1", "@types/bun": "^1.3.9", "buddy-bot": "^0.9.16", "bun-git-hooks": "^0.3.1", "bun-plugin-dtsx": "^0.9.10", "bunfig": "^0.15.6", "pickier": "^0.1.20", "ts-error-handling": "^0.1.1", "typescript": "^5.9.3" }, "bin": { "better-dx": "./dist/bin/cli.js", "dx": "./dist/bin/cli.js" } }, "sha512-URM3tw5Zd9vgQ1Jsgbfuj/nMkSvw9zXgLbJihq5eY0VqBdywGcT5ZBWfS0MD5z+va8M3/eDtvlG2DsNFJzXW7g=="],

    "buddy-bot": ["buddy-bot@0.9.16", "", { "dependencies": { "bunfig": "^0.15.6", "prompts": "^2.4.2", "ts-pkgx": "^0.4.154" }, "bin": { "buddy-bot": "./dist/bin/cli.js" } }, "sha512-mw2ef2WMQ8zmd63/jbf3SQEvESv1Xp++iMOkXhONhULdyLZ6UEw+MbUl2bn5rMboXe+ymfTb5wmZE6j7/iHmAQ=="],

    "bun-git-hooks": ["bun-git-hooks@0.3.1", "", { "bin": { "git-hooks": "dist/bin/cli.js", "bun-git-hooks": "dist/bin/cli.js" } }, "sha512-Xs/QUqIYgBmLHSVr5VBLVbM5lZbUoAXKX2WZyoQDb2LlzcxC3BpBvMkMTQH75UuOJZwaRBq8yEe4IR6NckqdgQ=="],

    "bun-plugin-dtsx": ["bun-plugin-dtsx@0.9.12", "", { "dependencies": { "@stacksjs/dtsx": "0.9.12" } }, "sha512-4sRafEP5l95tvbaYZM6KeNfiKKPkxT3fCQ6YL0iv73vNZ1hiUVxJXL0tMhg6rCr7j/Ib2Y5Vk6arU3Pu/UsGKg=="],

    "bun-types": ["bun-types@1.3.9", "", { "dependencies": { "@types/node": "*" } }, "sha512-+UBWWOakIP4Tswh0Bt0QD0alpTY8cb5hvgiYeWCMet9YukHbzuruIEeXC2D7nMJPB12kbh8C7XJykSexEqGKJg=="],

    "bunfig": ["bunfig@0.15.6", "", { "dependencies": { "@stacksjs/clapp": "^0.2.0", "@stacksjs/clarity": "^0.3.24" }, "bin": { "bunfig": "bin/cli.js" } }, "sha512-7ynPmrn1dN5F+0DtUVY0Vo2MZOOnSdb6hpQePwABEYIJ+d/rSb3vaOVUs3MFxwxWuaVc1FEStVJG6+kCgbLuyg=="],

    "csstype": ["csstype@3.2.3", "", {}, "sha512-z1HGKcYy2xA8AGQfwrn0PAy+PB7X/GSj3UVJW9qKyn43xWa+gl5nXmU4qqLMRzWVLFC8KusUX8T/0kCiOYpAIQ=="],

    "emoji-regex": ["emoji-regex@10.6.0", "", {}, "sha512-toUI84YS5YmxW219erniWD0CIVOo46xGKColeNQRgOzDorgBi1v4D71/OFzgD9GO2UGKIv1C3Sp8DAn0+j5w7A=="],

    "entities": ["entities@7.0.1", "", {}, "sha512-TWrgLOFUQTH994YUyl1yT4uyavY5nNB5muff+RtWaqNVCAK408b5ZnnbNAUEWLTCpum9w6arT70i1XdQ4UeOPA=="],

    "estree-walker": ["estree-walker@2.0.2", "", {}, "sha512-Rfkk/Mp/DL7JVje3u18FxFujQlTNR2q6QfMSMB7AvCBx91NGj/ba3kCfza0f6dVDbw7YlRf/nDrn7pQrCCyQ/w=="],

    "fast-xml-parser": ["fast-xml-parser@5.3.7", "", { "dependencies": { "strnum": "^2.1.2" }, "bin": { "fxparser": "src/cli/cli.js" } }, "sha512-JzVLro9NQv92pOM/jTCR6mHlJh2FGwtomH8ZQjhFj/R29P2Fnj38OgPJVtcvYw6SuKClhgYuwUZf5b3rd8u2mA=="],

    "fdir": ["fdir@6.5.0", "", { "peerDependencies": { "picomatch": "^3 || ^4" }, "optionalPeers": ["picomatch"] }, "sha512-tIbYtZbucOs0BRGqPJkshJUYdL+SDH7dVM8gjy+ERp3WAUjLEFJE+02kanyHtwjWOnwrKYBiwAmM0p4kLJAnXg=="],

    "get-east-asian-width": ["get-east-asian-width@1.5.0", "", {}, "sha512-CQ+bEO+Tva/qlmw24dCejulK5pMzVnUOFOijVogd3KQs07HnRIgp8TGipvCCRT06xeYEbpbgwaCxglFyiuIcmA=="],

    "install": ["install@0.13.0", "", {}, "sha512-zDml/jzr2PKU9I8J/xyZBQn8rPCAY//UOYNmR01XwNwyfhEWObo2SWfSl1+0tm1u6PhxLwDnfsT/6jB7OUxqFA=="],

    "kleur": ["kleur@3.0.3", "", {}, "sha512-eTIzlVOSUR+JxdDFepEYcBMtZ9Qqdef+rnzWdRZuMbOywu5tO2w2N7rqjoANZ5k9vywhL6Br1VRjUIgTQx4E8w=="],

    "magic-string": ["magic-string@0.30.21", "", { "dependencies": { "@jridgewell/sourcemap-codec": "^1.5.5" } }, "sha512-vd2F4YUyEXKGcLHoq+TEyCjxueSeHnFxyyjNp80yg0XV4vUhnDer/lvvlqM/arB5bXQN5K2/3oinyCRyx8T2CQ=="],

    "meilisearch": ["meilisearch@0.55.0", "", {}, "sha512-qSMeiezfDgIqciIeYzh5E4pXDZZD7CtHeWDCs43kN3trLgl5FtfmBAIkljL3huFaOx08feYtC8FfIFUpVwq6rg=="],

    "mri": ["mri@1.2.0", "", {}, "sha512-tzzskb3bG8LvYGFF/mDTpq3jpI6Q9wc3LEmBaghu+DdCssd1FakN7Bc0hVNmEyGq1bq3RgfkCb3cmQLpNPOroA=="],

    "nanoid": ["nanoid@3.3.11", "", { "bin": { "nanoid": "bin/nanoid.cjs" } }, "sha512-N8SpfPUnUp1bK+PMYW8qSWdl9U+wwNWI4QKxOYDy9JAro3WMX7p2OeVRF9v+347pnakNevPmiHhNmZ2HbFA76w=="],

    "p-limit": ["p-limit@7.3.0", "", { "dependencies": { "yocto-queue": "^1.2.1" } }, "sha512-7cIXg/Z0M5WZRblrsOla88S4wAK+zOQQWeBYfV3qJuJXMr+LnbYjaadrFaS0JILfEDPVqHyKnZ1Z/1d6J9VVUw=="],

    "pickier": ["pickier@0.1.20", "", { "dependencies": { "@stacksjs/clapp": "^0.2.0", "p-limit": "^7.2.0", "tinyglobby": "^0.2.15" }, "bin": { "pickier": "./dist/bin/cli.js" } }, "sha512-IC95MIW4hv4/b64HMQjv/VbtvTMUz2uX7qqqcJwaAg5fJecETSx/fZLVoFSeGAEtpzADW5n09BevV4XErNzgLg=="],

    "picocolors": ["picocolors@1.1.1", "", {}, "sha512-xceH2snhtb5M9liqDsmEw56le376mTZkEX/jEb/RxNFyegNul7eNslCXP9FDj/Lcu0X8KEyMceP2ntpaHrDEVA=="],

    "picomatch": ["picomatch@4.0.3", "", {}, "sha512-5gTmgEY/sqK6gFXLIsQNH19lWb4ebPDLA4SdLP7dsWkIXHWlG66oPuVvXSGFPppYZz8ZDZq0dYYrbHfBCVUb1Q=="],

    "postcss": ["postcss@8.5.6", "", { "dependencies": { "nanoid": "^3.3.11", "picocolors": "^1.1.1", "source-map-js": "^1.2.1" } }, "sha512-3Ybi1tAuwAP9s0r1UQ2J4n5Y0G05bJkpUIO0/bI9MhwmD70S5aTWbXGBwxHrelT+XM1k6dM0pk+SwNkpTRN7Pg=="],

    "prompts": ["prompts@2.4.2", "", { "dependencies": { "kleur": "^3.0.3", "sisteransi": "^1.0.5" } }, "sha512-NxNv/kLguCA7p3jE8oL2aEBsrJWgAakBpgmgK6lpPWV+WuOmY6r2/zbAVnP+T8bQlA0nzHXSJSJW0Hq7ylaD2Q=="],

    "sisteransi": ["sisteransi@1.0.5", "", {}, "sha512-bLGGlR1QxBcynn2d5YmDX4MGjlZvy2MRBDRNHLJ8VI6l6+9FUiyTFNJ0IveOSP0bcXgVDPRcfGqA0pjaqUpfVg=="],

    "source-map-js": ["source-map-js@1.2.1", "", {}, "sha512-UXWMKhLOwVKb728IUtQPXxfYU+usdybtUrK/8uGE8CQMvrhOpwvzDBwj0QhSL7MQc7vIsISBG8VQ8+IDQxpfQA=="],

    "string-width": ["string-width@7.2.0", "", { "dependencies": { "emoji-regex": "^10.3.0", "get-east-asian-width": "^1.0.0", "strip-ansi": "^7.1.0" } }, "sha512-tsaTIkKW9b4N+AEj+SVA+WhJzV7/zMhcSu78mLKWSk7cXMOSHsBKFWUs0fWwq8QyK3MgJBQRX6Gbi4kYbdvGkQ=="],

    "strip-ansi": ["strip-ansi@7.1.2", "", { "dependencies": { "ansi-regex": "^6.0.1" } }, "sha512-gmBGslpoQJtgnMAvOVqGZpEz9dyoKTCzy2nfz/n8aIFhN/jCE/rCmcxabB6jOOHV+0WNnylOxaxBQPSvcWklhA=="],

    "strnum": ["strnum@2.1.2", "", {}, "sha512-l63NF9y/cLROq/yqKXSLtcMeeyOfnSQlfMSlzFt/K73oIaD8DGaQWd7Z34X9GPiKqP5rbSh84Hl4bOlLcjiSrQ=="],

    "tinyglobby": ["tinyglobby@0.2.15", "", { "dependencies": { "fdir": "^6.5.0", "picomatch": "^4.0.3" } }, "sha512-j2Zq4NyQYG5XMST4cbs02Ak8iJUdxRM0XI5QyxXuZOzKOINmWurp3smXu3y5wDcJrptwpSjgXHzIQxR0omXljQ=="],

    "ts-cloud-aws-types": ["ts-cloud-aws-types@0.1.11", "", {}, "sha512-z/crXrHhcSr851k3dbj3NDvnsAQbCJSyPqJcxoVvt4FLNndg+jfv2gM2VXLt7qphIP3G2W8gz6CtG2LSNV//tA=="],

    "ts-cloud-core": ["ts-cloud-core@0.1.11", "", { "dependencies": { "ts-cloud-aws-types": "0.1.11", "ts-cloud-types": "0.1.11" } }, "sha512-rRtDxJrm+Jhkf3CEt+o7X7h1FaiGgopw5bmtePe18hbfXcgnghACI6vZUdq/48OsLZex3DdE05uy+1txSKbitg=="],

    "ts-cloud-types": ["ts-cloud-types@0.1.11", "", {}, "sha512-5AKUjqIQwRVnK1NdgPqK2Zwq9Wlf5EVCCBjISTX9WjZH9C8ayhzL7GnqJGy/tPJ3YAY7KPrTEJmjk3+IVoWjUA=="],

    "ts-error-handling": ["ts-error-handling@0.1.1", "", {}, "sha512-d4VqdX0bJ+jvOYNsY58isJgrEr806Q9cjef5+1UO/kIn1M/+YYSwpR6fqdRhn9XXVASJLSzNmcnBSdl0fRCjDg=="],

    "ts-pkgx": ["ts-pkgx@0.4.154", "", { "dependencies": { "ts-web-scraper": "^0.1.1" }, "bin": { "ts-pkgx": "dist/bin/cli.js" } }, "sha512-ScxXuLzVvgm1YDbHHz9IRxqnU9vHobZsou61RtTTeCcWov+KLaa3msMwgztr6GrFmGRETkLaTbUU4fOajlHx4w=="],

    "ts-web-scraper": ["ts-web-scraper@0.1.1", "", { "bin": { "scraper": "dist/bin/cli.js" } }, "sha512-js+gSRe95yDD9U3+GmjvIKBYLAN9WoZKV84x7HcSI7dqdWEIoZSeSGR/Jbr8f5hCeV9FD70KdTPIS2LQwviQXQ=="],

    "typescript": ["typescript@5.9.3", "", { "bin": { "tsc": "bin/tsc", "tsserver": "bin/tsserver" } }, "sha512-jl1vZzPDinLr9eUt3J/t7V6FgNEw9QjvBPdysz9KfQDD41fQrC2Y4vKQdiaUpFT4bXlb1RHhLpp8wtm6M5TgSw=="],

    "undici-types": ["undici-types@7.18.2", "", {}, "sha512-AsuCzffGHJybSaRrmr5eHr81mwJU3kjw6M+uprWvCXiNeN9SOGwQ3Jn8jb8m3Z6izVgknn1R0FTCEAP2QrLY/w=="],

    "vue": ["vue@3.5.29", "", { "dependencies": { "@vue/compiler-dom": "3.5.29", "@vue/compiler-sfc": "3.5.29", "@vue/runtime-dom": "3.5.29", "@vue/server-renderer": "3.5.29", "@vue/shared": "3.5.29" }, "peerDependencies": { "typescript": "*" }, "optionalPeers": ["typescript"] }, "sha512-BZqN4Ze6mDQVNAni0IHeMJ5mwr8VAJ3MQC9FmprRhcBYENw+wOAAjRj8jfmN6FLl0j96OXbR+CjWhmAmM+QGnA=="],

    "vue-demi": ["vue-demi@0.14.10", "", { "peerDependencies": { "@vue/composition-api": "^1.0.0-rc.1", "vue": "^3.0.0-0 || ^2.6.0" }, "optionalPeers": ["@vue/composition-api"], "bin": { "vue-demi-fix": "bin/vue-demi-fix.js", "vue-demi-switch": "bin/vue-demi-switch.js" } }, "sha512-nMZBOwuzabUO0nLgIcc6rycZEebF6eeUfaiQx9+WSk8e29IbLvPU9feI6tqW4kTo3hvoYAJkMh8n8D0fuISphg=="],

    "wrap-ansi": ["wrap-ansi@9.0.2", "", { "dependencies": { "ansi-styles": "^6.2.1", "string-width": "^7.0.0", "strip-ansi": "^7.1.0" } }, "sha512-42AtmgqjV+X1VpdOfyTGOYRi0/zsoLqtXQckTmqTeybT+BDIbM/Guxo7x3pE2vtpr1ok6xRqM9OpBe+Jyoqyww=="],

    "yocto-queue": ["yocto-queue@1.2.2", "", {}, "sha512-4LCcse/U2MHZ63HAJVE+v71o7yOdIe4cZ70Wpf8D/IyjDKYQLV5GD46B+hSTjJsvV5PztjvHoU580EftxjDZFQ=="],
  }
}
